# THIS IS AN AUTOGENERATED FILE. DO NOT EDIT THIS FILE DIRECTLY.
# yarn lockfile v1


"@types/dotenv@^8.2.0":
  version "8.2.0"
  resolved "https://registry.yarnpkg.com/@types/dotenv/-/dotenv-8.2.0.tgz#5cd64710c3c98e82d9d15844375a33bf1b45d053"
  integrity sha512-ylSC9GhfRH7m1EUXBXofhgx4lUWmFeQDINW5oLuS+gxWdfUeW4zJdeVTYVkexEW+e2VUvlZR2kGnGGipAWR7kw==
  dependencies:
    dotenv "*"

"@types/node@14.0.1":
  version "14.0.1"
  resolved "https://registry.yarnpkg.com/@types/node/-/node-14.0.1.tgz#5d93e0a099cd0acd5ef3d5bde3c086e1f49ff68c"
  integrity sha512-FAYBGwC+W6F9+huFIDtn43cpy7+SzG+atzRiTfdp3inUKL2hXnd4rG8hylJLIh4+hqrQy1P17kvJByE/z825hA==

dotenv@*:
  version "8.2.0"
  resolved "https://registry.yarnpkg.com/dotenv/-/dotenv-8.2.0.tgz#97e619259ada750eea3e4ea3e26bceea5424b16a"
  integrity sha512-8sJ78ElpbDJBHNeBzUbUVLsqKdccaa/BXF1uPTw3GrvQTBgrQrtObr2mUrE38vzYd8cEv+m/JBfDLioYcfXoaw==

dotenv@6.2.0:
  version "6.2.0"
  resolved "https://registry.yarnpkg.com/dotenv/-/dotenv-6.2.0.tgz#941c0410535d942c8becf28d3f357dbd9d476064"
  integrity sha512-HygQCKUBSFl8wKQZBSemMywRWcEDNidvNbjGVyZu3nbZ8qq9ubiPoGLMdRDpfSrpkkm9BXYFkpKxxFX38o/76w==

typescript@3.2.2:
  version "3.2.2"
  resolved "https://registry.yarnpkg.com/typescript/-/typescript-3.2.2.tgz#fe8101c46aa123f8353523ebdcf5730c2ae493e5"
  integrity sha512-VCj5UiSyHBjwfYacmDuc/NOk4QQixbE+Wn7MFJuS0nRuPQbof132Pw4u53dm264O8LPc2MVsc7RJNml5szurkg==
